
Microsoft Visual Studio Solution File, Format Version 12.00
# Visual Studio Version 17
VisualStudioVersion = 17.8.34330.188
MinimumVisualStudioVersion = 10.0.40219.1
Project("{FAE04EC0-301F-11D3-BF4B-00C04F79EFBC}") = "zadanie27092024", "zadanie27092024.csproj", "{1CAD3F3A-DC42-4D62-9AAF-7FA6DF83777C}"
EndProject
Global
	GlobalSection(SolutionConfigurationPlatforms) = preSolution
		Debug|Any CPU = Debug|Any CPU
		Release|Any CPU = Release|Any CPU
	EndGlobalSection
	GlobalSection(ProjectConfigurationPlatforms) = postSolution
		{1CAD3F3A-DC42-4D62-9AAF-7FA6DF83777C}.Debug|Any CPU.ActiveCfg = Debug|Any CPU
		{1CAD3F3A-DC42-4D62-9AAF-7FA6DF83777C}.Debug|Any CPU.Build.0 = Debug|Any CPU
		{1CAD3F3A-DC42-4D62-9AAF-7FA6DF83777C}.Release|Any CPU.ActiveCfg = Release|Any CPU
		{1CAD3F3A-DC42-4D62-9AAF-7FA6DF83777C}.Release|Any CPU.Build.0 = Release|Any CPU
	EndGlobalSection
	GlobalSection(SolutionProperties) = preSolution
		HideSolutionNode = FALSE
	EndGlobalSection
	GlobalSection(ExtensibilityGlobals) = postSolution
		SolutionGuid = {A86CF1AA-C380-4CE0-BEA2-3403AF222672}
	EndGlobalSection
EndGlobal
